// !$*UTF8*$!
{
	archiveVersion = 1;
	classes = {
	};
	objectVersion = 55;
	objects = {

/* Begin PBXBuildFile section */
		53867E462780C1BF00B24041 /* Time_Unit_ManagerApp.swift in Sources */ = {isa = PBXBuildFile; fileRef = 53867E452780C1BF00B24041 /* Time_Unit_ManagerApp.swift */; };
		53867E482780C1BF00B24041 /* ContentView.swift in Sources */ = {isa = PBXBuildFile; fileRef = 53867E472780C1BF00B24041 /* ContentView.swift */; };
		53867E4A2780C1C300B24041 /* Assets.xcassets in Resources */ = {isa = PBXBuildFile; fileRef = 53867E492780C1C300B24041 /* Assets.xcassets */; };
		53867E4D2780C1C300B24041 /* Preview Assets.xcassets in Resources */ = {isa = PBXBuildFile; fileRef = 53867E4C2780C1C300B24041 /* Preview Assets.xcassets */; };
		53867E572780C1C300B24041 /* Time_Unit_ManagerTests.swift in Sources */ = {isa = PBXBuildFile; fileRef = 53867E562780C1C300B24041 /* Time_Unit_ManagerTests.swift */; };
		53867E612780C1C300B24041 /* Time_Unit_ManagerUITests.swift in Sources */ = {isa = PBXBuildFile; fileRef = 53867E602780C1C300B24041 /* Time_Unit_ManagerUITests.swift */; };
		53867E632780C1C300B24041 /* Time_Unit_ManagerUITestsLaunchTests.swift in Sources */ = {isa = PBXBuildFile; fileRef = 53867E622780C1C300B24041 /* Time_Unit_ManagerUITestsLaunchTests.swift */; };
/* End PBXBuildFile section */

/* Begin PBXContainerItemProxy section */
		53867E532780C1C300B24041 /* PBXContainerItemProxy */ = {
			isa = PBXContainerItemProxy;
			containerPortal = 53867E3A2780C1BF00B24041 /* Project object */;
			proxyType = 1;
			remoteGlobalIDString = 53867E412780C1BF00B24041;
			remoteInfo = "Time Unit Manager";
		};
		53867E5D2780C1C300B24041 /* PBXContainerItemProxy */ = {
			isa = PBXContainerItemProxy;
			containerPortal = 53867E3A2780C1BF00B24041 /* Project object */;
			proxyType = 1;
			remoteGlobalIDString = 53867E412780C1BF00B24041;
			remoteInfo = "Time Unit Manager";
		};
/* End PBXContainerItemProxy section */

/* Begin PBXFileReference section */
		53867E422780C1BF00B24041 /* Time Unit Manager.app */ = {isa = PBXFileReference; explicitFileType = wrapper.application; includeInIndex = 0; path = "Time Unit Manager.app"; sourceTree = BUILT_PRODUCTS_DIR; };
		53867E452780C1BF00B24041 /* Time_Unit_ManagerApp.swift */ = {isa = PBXFileReference; lastKnownFileType = sourcecode.swift; path = Time_Unit_ManagerApp.swift; sourceTree = "<group>"; };
		53867E472780C1BF00B24041 /* ContentView.swift */ = {isa = PBXFileReference; lastKnownFileType = sourcecode.swift; path = ContentView.swift; sourceTree = "<group>"; };
		53867E492780C1C300B24041 /* Assets.xcassets */ = {isa = PBXFileReference; lastKnownFileType = folder.assetcatalog; path = Assets.xcassets; sourceTree = "<group>"; };
		53867E4C2780C1C300B24041 /* Preview Assets.xcassets */ = {isa = PBXFileReference; lastKnownFileType = folder.assetcatalog; path = "Preview Assets.xcassets"; sourceTree = "<group>"; };
		53867E522780C1C300B24041 /* Time Unit ManagerTests.xctest */ = {isa = PBXFileReference; explicitFileType = wrapper.cfbundle; includeInIndex = 0; path = "Time Unit ManagerTests.xctest"; sourceTree = BUILT_PRODUCTS_DIR; };
		53867E562780C1C300B24041 /* Time_Unit_ManagerTests.swift */ = {isa = PBXFileReference; lastKnownFileType = sourcecode.swift; path = Time_Unit_ManagerTests.swift; sourceTree = "<group>"; };
		53867E5C2780C1C300B24041 /* Time Unit ManagerUITests.xctest */ = {isa = PBXFileReference; explicitFileType = wrapper.cfbundle; includeInIndex = 0; path = "Time Unit ManagerUITests.xctest"; sourceTree = BUILT_PRODUCTS_DIR; };
		53867E602780C1C300B24041 /* Time_Unit_ManagerUITests.swift */ = {isa = PBXFileReference; lastKnownFileType = sourcecode.swift; path = Time_Unit_ManagerUITests.swift; sourceTree = "<group>"; };
		53867E622780C1C300B24041 /* Time_Unit_ManagerUITestsLaunchTests.swift */ = {isa = PBXFileReference; lastKnownFileType = sourcecode.swift; path = Time_Unit_ManagerUITestsLaunchTests.swift; sourceTree = "<group>"; };
/* End PBXFileReference section */

/* Begin PBXFrameworksBuildPhase section */
		53867E3F2780C1BF00B24041 /* Frameworks */ = {
			isa = PBXFrameworksBuildPhase;
			buildActionMask = 2147483647;
			files = (
			);
			runOnlyForDeploymentPostprocessing = 0;
		};
		53867E4F2780C1C300B24041 /* Frameworks */ = {
			isa = PBXFrameworksBuildPhase;
			buildActionMask = 2147483647;
			files = (
			);
			runOnlyForDeploymentPostprocessing = 0;
		};
		53867E592780C1C300B24041 /* Frameworks */ = {
			isa = PBXFrameworksBuildPhase;
			buildActionMask = 2147483647;
			files = (
			);
			runOnlyForDeploymentPostprocessing = 0;
		};
/* End PBXFrameworksBuildPhase section */

/* Begin PBXGroup section */
		53867E392780C1BF00B24041 = {
			isa = PBXGroup;
			children = (
				53867E442780C1BF00B24041 /* Time Unit Manager */,
				53867E552780C1C300B24041 /* Time Unit ManagerTests */,
				53867E5F2780C1C300B24041 /* Time Unit ManagerUITests */,
				53867E432780C1BF00B24041 /* Products */,
			);
			sourceTree = "<group>";
		};
		53867E432780C1BF00B24041 /* Products */ = {
			isa = PBXGroup;
			children = (
				53867E422780C1BF00B24041 /* Time Unit Manager.app */,
				53867E522780C1C300B24041 /* Time Unit ManagerTests.xctest */,
				53867E5C2780C1C300B24041 /* Time Unit ManagerUITests.xctest */,
			);
			name = Products;
			sourceTree = "<group>";
		};
		53867E442780C1BF00B24041 /* Time Unit Manager */ = {
			isa = PBXGroup;
			children = (
				53867E452780C1BF00B24041 /* Time_Unit_ManagerApp.swift */,
				53867E472780C1BF00B24041 /* ContentView.swift */,
				53867E492780C1C300B24041 /* Assets.xcassets */,
				53867E4B2780C1C300B24041 /* Preview Content */,
			);
			path = "Time Unit Manager";
			sourceTree = "<group>";
		};
		53867E4B2780C1C300B24041 /* Preview Content */ = {
			isa = PBXGroup;
			children = (
				53867E4C2780C1C300B24041 /* Preview Assets.xcassets */,
			);
			path = "Preview Content";
			sourceTree = "<group>";
		};
		53867E552780C1C300B24041 /* Time Unit ManagerTests */ = {
			isa = PBXGroup;
			children = (
				53867E562780C1C300B24041 /* Time_Unit_ManagerTests.swift */,
			);
			path = "Time Unit ManagerTests";
			sourceTree = "<group>";
		};
		53867E5F2780C1C300B24041 /* Time Unit ManagerUITests */ = {
			isa = PBXGroup;
			children = (
				53867E602780C1C300B24041 /* Time_Unit_ManagerUITests.swift */,
				53867E622780C1C300B24041 /* Time_Unit_ManagerUITestsLaunchTests.swift */,
			);
			path = "Time Unit ManagerUITests";
			sourceTree = "<group>";
		};
/* End PBXGroup section */

/* Begin PBXNativeTarget section */
		53867E412780C1BF00B24041 /* Time Unit Manager */ = {
			isa = PBXNativeTarget;
			buildConfigurationList = 53867E662780C1C300B24041 /* Build configuration list for PBXNativeTarget "Time Unit Manager" */;
			buildPhases = (
				53867E3E2780C1BF00B24041 /* Sources */,
				53867E3F2780C1BF00B24041 /* Frameworks */,
				53867E402780C1BF00B24041 /* Resources */,
			);
			buildRules = (
			);
			dependencies = (
			);
			name = "Time Unit Manager";
			productName = "Time Unit Manager";
			productReference = 53867E422780C1BF00B24041 /* Time Unit Manager.app */;
			productType = "com.apple.product-type.application";
		};
		53867E512780C1C300B24041 /* Time Unit ManagerTests */ = {
			isa = PBXNativeTarget;
			buildConfigurationList = 53867E692780C1C300B24041 /* Build configuration list for PBXNativeTarget "Time Unit ManagerTests" */;
			buildPhases = (
				53867E4E2780C1C300B24041 /* Sources */,
				53867E4F2780C1C300B24041 /* Frameworks */,
				53867E502780C1C300B24041 /* Resources */,
			);
			buildRules = (
			);
			dependencies = (
				53867E542780C1C300B24041 /* PBXTargetDependency */,
			);
			name = "Time Unit ManagerTests";
			productName = "Time Unit ManagerTests";
			productReference = 53867E522780C1C300B24041 /* Time Unit ManagerTests.xctest */;
			productType = "com.apple.product-type.bundle.unit-test";
		};
		53867E5B2780C1C300B24041 /* Time Unit ManagerUITests */ = {
			isa = PBXNativeTarget;
			buildConfigurationList = 53867E6C2780C1C300B24041 /* Build configuration list for PBXNativeTarget "Time Unit ManagerUITests" */;
			buildPhases = (
				53867E582780C1C300B24041 /* Sources */,
				53867E592780C1C300B24041 /* Frameworks */,
				53867E5A2780C1C300B24041 /* Resources */,
			);
			buildRules = (
			);
			dependencies = (
				53867E5E2780C1C300B24041 /* PBXTargetDependency */,
			);
			name = "Time Unit ManagerUITests";
			productName = "Time Unit ManagerUITests";
			productReference = 53867E5C2780C1C300B24041 /* Time Unit ManagerUITests.xctest */;
			productType = "com.apple.product-type.bundle.ui-testing";
		};
/* End PBXNativeTarget section */

/* Begin PBXProject section */
		53867E3A2780C1BF00B24041 /* Project object */ = {
			isa = PBXProject;
			attributes = {
				BuildIndependentTargetsInParallel = 1;
				LastSwiftUpdateCheck = 1310;
				LastUpgradeCheck = 1310;
				TargetAttributes = {
					53867E412780C1BF00B24041 = {
						CreatedOnToolsVersion = 13.1;
					};
					53867E512780C1C300B24041 = {
						CreatedOnToolsVersion = 13.1;
						TestTargetID = 53867E412780C1BF00B24041;
					};
					53867E5B2780C1C300B24041 = {
						CreatedOnToolsVersion = 13.1;
						TestTargetID = 53867E412780C1BF00B24041;
					};
				};
			};
			buildConfigurationList = 53867E3D2780C1BF00B24041 /* Build configuration list for PBXProject "Time Unit Manager" */;
			compatibilityVersion = "Xcode 13.0";
			developmentRegion = en;
			hasScannedForEncodings = 0;
			knownRegions = (
				en,
				Base,
			);
			mainGroup = 53867E392780C1BF00B24041;
			productRefGroup = 53867E432780C1BF00B24041 /* Products */;
			projectDirPath = "";
			projectRoot = "";
			targets = (
				53867E412780C1BF00B24041 /* Time Unit Manager */,
				53867E512780C1C300B24041 /* Time Unit ManagerTests */,
				53867E5B2780C1C300B24041 /* Time Unit ManagerUITests */,
			);
		};
/* End PBXProject section */

/* Begin PBXResourcesBuildPhase section */
		53867E402780C1BF00B24041 /* Resources */ = {
			isa = PBXResourcesBuildPhase;
			buildActionMask = 2147483647;
			files = (
				53867E4D2780C1C300B24041 /* Preview Assets.xcassets in Resources */,
				53867E4A2780C1C300B24041 /* Assets.xcassets in Resources */,
			);
			runOnlyForDeploymentPostprocessing = 0;
		};
		53867E502780C1C300B24041 /* Resources */ = {
			isa = PBXResourcesBuildPhase;
			buildActionMask = 2147483647;
			files = (
			);
			runOnlyForDeploymentPostprocessing = 0;
		};
		53867E5A2780C1C300B24041 /* Resources */ = {
			isa = PBXResourcesBuildPhase;
			buildActionMask = 2147483647;
			files = (
			);
			runOnlyForDeploymentPostprocessing = 0;
		};
/* End PBXResourcesBuildPhase section */

/* Begin PBXSourcesBuildPhase section */
		53867E3E2780C1BF00B24041 /* Sources */ = {
			isa = PBXSourcesBuildPhase;
			buildActionMask = 2147483647;
			files = (
				53867E482780C1BF00B24041 /* ContentView.swift in Sources */,
				53867E462780C1BF00B24041 /* Time_Unit_ManagerApp.swift in Sources */,
			);
			runOnlyForDeploymentPostprocessing = 0;
		};
		53867E4E2780C1C300B24041 /* Sources */ = {
			isa = PBXSourcesBuildPhase;
			buildActionMask = 2147483647;
			files = (
				53867E572780C1C300B24041 /* Time_Unit_ManagerTests.swift in Sources */,
			);
			runOnlyForDeploymentPostprocessing = 0;
		};
		53867E582780C1C300B24041 /* Sources */ = {
			isa = PBXSourcesBuildPhase;
			buildActionMask = 2147483647;
			files = (
				53867E612780C1C300B24041 /* Time_Unit_ManagerUITests.swift in Sources */,
				53867E632780C1C300B24041 /* Time_Unit_ManagerUITestsLaunchTests.swift in Sources */,
			);
			runOnlyForDeploymentPostprocessing = 0;
		};
/* End PBXSourcesBuildPhase section */

/* Begin PBXTargetDependency section */
		53867E542780C1C300B24041 /* PBXTargetDependency */ = {
			isa = PBXTargetDependency;
			target = 53867E412780C1BF00B24041 /* Time Unit Manager */;
			targetProxy = 53867E532780C1C300B24041 /* PBXContainerItemProxy */;
		};
		53867E5E2780C1C300B24041 /* PBXTargetDependency */ = {
			isa = PBXTargetDependency;
			target = 53867E412780C1BF00B24041 /* Time Unit Manager */;
			targetProxy = 53867E5D2780C1C300B24041 /* PBXContainerItemProxy */;
		};
/* End PBXTargetDependency section */

/* Begin XCBuildConfiguration section */
		53867E642780C1C300B24041 /* Debug */ = {
			isa = XCBuildConfiguration;
			buildSettings = {
				ALWAYS_SEARCH_USER_PATHS = NO;
				CLANG_ANALYZER_NONNULL = YES;
				CLANG_ANALYZER_NUMBER_OBJECT_CONVERSION = YES_AGGRESSIVE;
				CLANG_CXX_LANGUAGE_STANDARD = "gnu++17";
				CLANG_CXX_LIBRARY = "libc++";
				CLANG_ENABLE_MODULES = YES;
				CLANG_ENABLE_OBJC_ARC = YES;
				CLANG_ENABLE_OBJC_WEAK = YES;
				CLANG_WARN_BLOCK_CAPTURE_AUTORELEASING = YES;
				CLANG_WARN_BOOL_CONVERSION = YES;
				CLANG_WARN_COMMA = YES;
				CLANG_WARN_CONSTANT_CONVERSION = YES;
				CLANG_WARN_DEPRECATED_OBJC_IMPLEMENTATIONS = YES;
				CLANG_WARN_DIRECT_OBJC_ISA_USAGE = YES_ERROR;
				CLANG_WARN_DOCUMENTATION_COMMENTS = YES;
				CLANG_WARN_EMPTY_BODY = YES;
				CLANG_WARN_ENUM_CONVERSION = YES;
				CLANG_WARN_INFINITE_RECURSION = YES;
				CLANG_WARN_INT_CONVERSION = YES;
				CLANG_WARN_NON_LITERAL_NULL_CONVERSION = YES;
				CLANG_WARN_OBJC_IMPLICIT_RETAIN_SELF = YES;
				CLANG_WARN_OBJC_LITERAL_CONVERSION = YES;
				CLANG_WARN_OBJC_ROOT_CLASS = YES_ERROR;
				CLANG_WARN_QUOTED_INCLUDE_IN_FRAMEWORK_HEADER = YES;
				CLANG_WARN_RANGE_LOOP_ANALYSIS = YES;
				CLANG_WARN_STRICT_PROTOTYPES = YES;
				CLANG_WARN_SUSPICIOUS_MOVE = YES;
				CLANG_WARN_UNGUARDED_AVAILABILITY = YES_AGGRESSIVE;
				CLANG_WARN_UNREACHABLE_CODE = YES;
				CLANG_WARN__DUPLICATE_METHOD_MATCH = YES;
				COPY_PHASE_STRIP = NO;
				DEBUG_INFORMATION_FORMAT = dwarf;
				ENABLE_STRICT_OBJC_MSGSEND = YES;
				ENABLE_TESTABILITY = YES;
				GCC_C_LANGUAGE_STANDARD = gnu11;
				GCC_DYNAMIC_NO_PIC = NO;
				GCC_NO_COMMON_BLOCKS = YES;
				GCC_OPTIMIZATION_LEVEL = 0;
				GCC_PREPROCESSOR_DEFINITIONS = (
					"DEBUG=1",
					"$(inherited)",
				);
				GCC_WARN_64_TO_32_BIT_CONVERSION = YES;
				GCC_WARN_ABOUT_RETURN_TYPE = YES_ERROR;
				GCC_WARN_UNDECLARED_SELECTOR = YES;
				GCC_WARN_UNINITIALIZED_AUTOS = YES_AGGRESSIVE;
				GCC_WARN_UNUSED_FUNCTION = YES;
				GCC_WARN_UNUSED_VARIABLE = YES;
				IPHONEOS_DEPLOYMENT_TARGET = 15.0;
				MTL_ENABLE_DEBUG_INFO = INCLUDE_SOURCE;
				MTL_FAST_MATH = YES;
				ONLY_ACTIVE_ARCH = YES;
				SDKROOT = iphoneos;
				SWIFT_ACTIVE_COMPILATION_CONDITIONS = DEBUG;
				SWIFT_OPTIMIZATION_LEVEL = "-Onone";
			};
			name = Debug;
		};
		53867E652780C1C300B24041 /* Release */ = {
			isa = XCBuildConfiguration;
			buildSettings = {
				ALWAYS_SEARCH_USER_PATHS = NO;
				CLANG_ANALYZER_NONNULL = YES;
				CLANG_ANALYZER_NUMBER_OBJECT_CONVERSION = YES_AGGRESSIVE;
				CLANG_CXX_LANGUAGE_STANDARD = "gnu++17";
				CLANG_CXX_LIBRARY = "libc++";
				CLANG_ENABLE_MODULES = YES;
				CLANG_ENABLE_OBJC_ARC = YES;
				CLANG_ENABLE_OBJC_WEAK = YES;
				CLANG_WARN_BLOCK_CAPTURE_AUTORELEASING = YES;
				CLANG_WARN_BOOL_CONVERSION = YES;
				CLANG_WARN_COMMA = YES;
				CLANG_WARN_CONSTANT_CONVERSION = YES;
				CLANG_WARN_DEPRECATED_OBJC_IMPLEMENTATIONS = YES;
				CLANG_WARN_DIRECT_OBJC_ISA_USAGE = YES_ERROR;
				CLANG_WARN_DOCUMENTATION_COMMENTS = YES;
				CLANG_WARN_EMPTY_BODY = YES;
				CLANG_WARN_ENUM_CONVERSION = YES;
				CLANG_WARN_INFINITE_RECURSION = YES;
				CLANG_WARN_INT_CONVERSION = YES;
				CLANG_WARN_NON_LITERAL_NULL_CONVERSION = YES;
				CLANG_WARN_OBJC_IMPLICIT_RETAIN_SELF = YES;
				CLANG_WARN_OBJC_LITERAL_CONVERSION = YES;
				CLANG_WARN_OBJC_ROOT_CLASS = YES_ERROR;
				CLANG_WARN_QUOTED_INCLUDE_IN_FRAMEWORK_HEADER = YES;
				CLANG_WARN_RANGE_LOOP_ANALYSIS = YES;
				CLANG_WARN_STRICT_PROTOTYPES = YES;
				CLANG_WARN_SUSPICIOUS_MOVE = YES;
				CLANG_WARN_UNGUARDED_AVAILABILITY = YES_AGGRESSIVE;
				CLANG_WARN_UNREACHABLE_CODE = YES;
				CLANG_WARN__DUPLICATE_METHOD_MATCH = YES;
				COPY_PHASE_STRIP = NO;
				DEBUG_INFORMATION_FORMAT = "dwarf-with-dsym";
				ENABLE_NS_ASSERTIONS = NO;
				ENABLE_STRICT_OBJC_MSGSEND = YES;
				GCC_C_LANGUAGE_STANDARD = gnu11;
				GCC_NO_COMMON_BLOCKS = YES;
				GCC_WARN_64_TO_32_BIT_CONVERSION = YES;
				GCC_WARN_ABOUT_RETURN_TYPE = YES_ERROR;
				GCC_WARN_UNDECLARED_SELECTOR = YES;
				GCC_WARN_UNINITIALIZED_AUTOS = YES_AGGRESSIVE;
				GCC_WARN_UNUSED_FUNCTION = YES;
				GCC_WARN_UNUSED_VARIABLE = YES;
				IPHONEOS_DEPLOYMENT_TARGET = 15.0;
				MTL_ENABLE_DEBUG_INFO = NO;
				MTL_FAST_MATH = YES;
				SDKROOT = iphoneos;
				SWIFT_COMPILATION_MODE = wholemodule;
				SWIFT_OPTIMIZATION_LEVEL = "-O";
				VALIDATE_PRODUCT = YES;
			};
			name = Release;
		};
		53867E672780C1C300B24041 /* Debug */ = {
			isa = XCBuildConfiguration;
			buildSettings = {
				ASSETCATALOG_COMPILER_APPICON_NAME = AppIcon;
				ASSETCATALOG_COMPILER_GLOBAL_ACCENT_COLOR_NAME = AccentColor;
				CODE_SIGN_STYLE = Automatic;
				CURRENT_PROJECT_VERSION = 1;
				DEVELOPMENT_ASSET_PATHS = "\"Time Unit Manager/Preview Content\"";
				ENABLE_PREVIEWS = YES;
				GENERATE_INFOPLIST_FILE = YES;
				INFOPLIST_KEY_UIApplicationSceneManifest_Generation = YES;
				INFOPLIST_KEY_UIApplicationSupportsIndirectInputEvents = YES;
				INFOPLIST_KEY_UILaunchScreen_Generation = YES;
				INFOPLIST_KEY_UISupportedInterfaceOrientations_iPad = "UIInterfaceOrientationPortrait UIInterfaceOrientationPortraitUpsideDown UIInterfaceOrientationLandscapeLeft UIInterfaceOrientationLandscapeRight";
				INFOPLIST_KEY_UISupportedInterfaceOrientations_iPhone = "UIInterfaceOrientationPortrait UIInterfaceOrientationLandscapeLeft UIInterfaceOrientationLandscapeRight";
				LD_RUNPATH_SEARCH_PATHS = (
					"$(inherited)",
					"@executable_path/Frameworks",
				);
				MARKETING_VERSION = 1.0;
				PRODUCT_BUNDLE_IDENTIFIER = "me.eggfirst.Time-Unit-Manager";
				PRODUCT_NAME = "$(TARGET_NAME)";
				SWIFT_EMIT_LOC_STRINGS = YES;
				SWIFT_VERSION = 5.0;
				TARGETED_DEVICE_FAMILY = "1,2";
			};
			name = Debug;
		};
		53867E682780C1C300B24041 /* Release */ = {
			isa = XCBuildConfiguration;
			buildSettings = {
				ASSETCATALOG_COMPILER_APPICON_NAME = AppIcon;
				ASSETCATALOG_COMPILER_GLOBAL_ACCENT_COLOR_NAME = AccentColor;
				CODE_SIGN_STYLE = Automatic;
				CURRENT_PROJECT_VERSION = 1;
				DEVELOPMENT_ASSET_PATHS = "\"Time Unit Manager/Preview Content\"";
				ENABLE_PREVIEWS = YES;
				GENERATE_INFOPLIST_FILE = YES;
				INFOPLIST_KEY_UIApplicationSceneManifest_Generation = YES;
				INFOPLIST_KEY_UIApplicationSupportsIndirectInputEvents = YES;
				INFOPLIST_KEY_UILaunchScreen_Generation = YES;
				INFOPLIST_KEY_UISupportedInterfaceOrientations_iPad = "UIInterfaceOrientationPortrait UIInterfaceOrientationPortraitUpsideDown UIInterfaceOrientationLandscapeLeft UIInterfaceOrientationLandscapeRight";
				INFOPLIST_KEY_UISupportedInterfaceOrientations_iPhone = "UIInterfaceOrientationPortrait UIInterfaceOrientationLandscapeLeft UIInterfaceOrientationLandscapeRight";
				LD_RUNPATH_SEARCH_PATHS = (
					"$(inherited)",
					"@executable_path/Frameworks",
				);
				MARKETING_VERSION = 1.0;
				PRODUCT_BUNDLE_IDENTIFIER = "me.eggfirst.Time-Unit-Manager";
				PRODUCT_NAME = "$(TARGET_NAME)";
				SWIFT_EMIT_LOC_STRINGS = YES;
				SWIFT_VERSION = 5.0;
				TARGETED_DEVICE_FAMILY = "1,2";
			};
			name = Release;
		};
		53867E6A2780C1C300B24041 /* Debug */ = {
			isa = XCBuildConfiguration;
			buildSettings = {
				ALWAYS_EMBED_SWIFT_STANDARD_LIBRARIES = YES;
				BUNDLE_LOADER = "$(TEST_HOST)";
				CODE_SIGN_STYLE = Automatic;
				CURRENT_PROJECT_VERSION = 1;
				GENERATE_INFOPLIST_FILE = YES;
				IPHONEOS_DEPLOYMENT_TARGET = 15.0;
				LD_RUNPATH_SEARCH_PATHS = (
					"$(inherited)",
					"@executable_path/Frameworks",
					"@loader_path/Frameworks",
				);
				MARKETING_VERSION = 1.0;
				PRODUCT_BUNDLE_IDENTIFIER = "me.eggfirst.Time-Unit-ManagerTests";
				PRODUCT_NAME = "$(TARGET_NAME)";
				SWIFT_EMIT_LOC_STRINGS = NO;
				SWIFT_VERSION = 5.0;
				TARGETED_DEVICE_FAMILY = "1,2";
				TEST_HOST = "$(BUILT_PRODUCTS_DIR)/Time Unit Manager.app/Time Unit Manager";
			};
			name = Debug;
		};
		53867E6B2780C1C300B24041 /* Release */ = {
			isa = XCBuildConfiguration;
			buildSettings = {
				ALWAYS_EMBED_SWIFT_STANDARD_LIBRARIES = YES;
				BUNDLE_LOADER = "$(TEST_HOST)";
				CODE_SIGN_STYLE = Automatic;
				CURRENT_PROJECT_VERSION = 1;
				GENERATE_INFOPLIST_FILE = YES;
				IPHONEOS_DEPLOYMENT_TARGET = 15.0;
				LD_RUNPATH_SEARCH_PATHS = (
					"$(inherited)",
					"@executable_path/Frameworks",
					"@loader_path/Frameworks",
				);
				MARKETING_VERSION = 1.0;
				PRODUCT_BUNDLE_IDENTIFIER = "me.eggfirst.Time-Unit-ManagerTests";
				PRODUCT_NAME = "$(TARGET_NAME)";
				SWIFT_EMIT_LOC_STRINGS = NO;
				SWIFT_VERSION = 5.0;
				TARGETED_DEVICE_FAMILY = "1,2";
				TEST_HOST = "$(BUILT_PRODUCTS_DIR)/Time Unit Manager.app/Time Unit Manager";
			};
			name = Release;
		};
		53867E6D2780C1C300B24041 /* Debug */ = {
			isa = XCBuildConfiguration;
			buildSettings = {
				ALWAYS_EMBED_SWIFT_STANDARD_LIBRARIES = YES;
				CODE_SIGN_STYLE = Automatic;
				CURRENT_PROJECT_VERSION = 1;
				GENERATE_INFOPLIST_FILE = YES;
				LD_RUNPATH_SEARCH_PATHS = (
					"$(inherited)",
					"@executable_path/Frameworks",
					"@loader_path/Frameworks",
				);
				MARKETING_VERSION = 1.0;
				PRODUCT_BUNDLE_IDENTIFIER = "me.eggfirst.Time-Unit-ManagerUITests";
				PRODUCT_NAME = "$(TARGET_NAME)";
				SWIFT_EMIT_LOC_STRINGS = NO;
				SWIFT_VERSION = 5.0;
				TARGETED_DEVICE_FAMILY = "1,2";
				TEST_TARGET_NAME = "Time Unit Manager";
			};
			name = Debug;
		};
		53867E6E2780C1C300B24041 /* Release */ = {
			isa = XCBuildConfiguration;
			buildSettings = {
				ALWAYS_EMBED_SWIFT_STANDARD_LIBRARIES = YES;
				CODE_SIGN_STYLE = Automatic;
				CURRENT_PROJECT_VERSION = 1;
				GENERATE_INFOPLIST_FILE = YES;
				LD_RUNPATH_SEARCH_PATHS = (
					"$(inherited)",
					"@executable_path/Frameworks",
					"@loader_path/Frameworks",
				);
				MARKETING_VERSION = 1.0;
				PRODUCT_BUNDLE_IDENTIFIER = "me.eggfirst.Time-Unit-ManagerUITests";
				PRODUCT_NAME = "$(TARGET_NAME)";
				SWIFT_EMIT_LOC_STRINGS = NO;
				SWIFT_VERSION = 5.0;
				TARGETED_DEVICE_FAMILY = "1,2";
				TEST_TARGET_NAME = "Time Unit Manager";
			};
			name = Release;
		};
/* End XCBuildConfiguration section */

/* Begin XCConfigurationList section */
		53867E3D2780C1BF00B24041 /* Build configuration list for PBXProject "Time Unit Manager" */ = {
			isa = XCConfigurationList;
			buildConfigurations = (
				53867E642780C1C300B24041 /* Debug */,
				53867E652780C1C300B24041 /* Release */,
			);
			defaultConfigurationIsVisible = 0;
			defaultConfigurationName = Release;
		};
		53867E662780C1C300B24041 /* Build configuration list for PBXNativeTarget "Time Unit Manager" */ = {
			isa = XCConfigurationList;
			buildConfigurations = (
				53867E672780C1C300B24041 /* Debug */,
				53867E682780C1C300B24041 /* Release */,
			);
			defaultConfigurationIsVisible = 0;
			defaultConfigurationName = Release;
		};
		53867E692780C1C300B24041 /* Build configuration list for PBXNativeTarget "Time Unit ManagerTests" */ = {
			isa = XCConfigurationList;
			buildConfigurations = (
				53867E6A2780C1C300B24041 /* Debug */,
				53867E6B2780C1C300B24041 /* Release */,
			);
			defaultConfigurationIsVisible = 0;
			defaultConfigurationName = Release;
		};
		53867E6C2780C1C300B24041 /* Build configuration list for PBXNativeTarget "Time Unit ManagerUITests" */ = {
			isa = XCConfigurationList;
			buildConfigurations = (
				53867E6D2780C1C300B24041 /* Debug */,
				53867E6E2780C1C300B24041 /* Release */,
			);
			defaultConfigurationIsVisible = 0;
			defaultConfigurationName = Release;
		};
/* End XCConfigurationList section */
	};
	rootObject = 53867E3A2780C1BF00B24041 /* Project object */;
}
